// !$*UTF8*$!
{
	archiveVersion = 1;
	classes = {
	};
	objectVersion = 48;
	objects = {

/* Begin PBXBuildFile section */
		16D2D195205289EC00562FB6 /* AppDelegate.swift in Sources */ = {isa = PBXBuildFile; fileRef = 16D2D194205289EC00562FB6 /* AppDelegate.swift */; };
		16D2D197205289EC00562FB6 /* ViewController.swift in Sources */ = {isa = PBXBuildFile; fileRef = 16D2D196205289EC00562FB6 /* ViewController.swift */; };
		16D2D19A205289EC00562FB6 /* Main.storyboard in Resources */ = {isa = PBXBuildFile; fileRef = 16D2D198205289EC00562FB6 /* Main.storyboard */; };
		16D2D19C205289EC00562FB6 /* Assets.xcassets in Resources */ = {isa = PBXBuildFile; fileRef = 16D2D19B205289EC00562FB6 /* Assets.xcassets */; };
		16D2D19F205289EC00562FB6 /* LaunchScreen.storyboard in Resources */ = {isa = PBXBuildFile; fileRef = 16D2D19D205289EC00562FB6 /* LaunchScreen.storyboard */; };
		16D2D1A720528A5800562FB6 /* GlobalView.xib in Resources */ = {isa = PBXBuildFile; fileRef = 16D2D1A620528A5800562FB6 /* GlobalView.xib */; };
		16D2D1AB20528D6000562FB6 /* GlobalView.swift in Sources */ = {isa = PBXBuildFile; fileRef = 16D2D1AA20528D6000562FB6 /* GlobalView.swift */; };
		16D2D1AF20529FDF00562FB6 /* GlobalStretchedViewController.swift in Sources */ = {isa = PBXBuildFile; fileRef = 16D2D1AE20529FDF00562FB6 /* GlobalStretchedViewController.swift */; };
/* End PBXBuildFile section */

/* Begin PBXFileReference section */
		16D2D191205289EC00562FB6 /* GlobalAttachedVC.app */ = {isa = PBXFileReference; explicitFileType = wrapper.application; includeInIndex = 0; path = GlobalAttachedVC.app; sourceTree = BUILT_PRODUCTS_DIR; };
		16D2D194205289EC00562FB6 /* AppDelegate.swift */ = {isa = PBXFileReference; lastKnownFileType = sourcecode.swift; path = AppDelegate.swift; sourceTree = "<group>"; };
		16D2D196205289EC00562FB6 /* ViewController.swift */ = {isa = PBXFileReference; lastKnownFileType = sourcecode.swift; path = ViewController.swift; sourceTree = "<group>"; };
		16D2D199205289EC00562FB6 /* Base */ = {isa = PBXFileReference; lastKnownFileType = file.storyboard; name = Base; path = Base.lproj/Main.storyboard; sourceTree = "<group>"; };
		16D2D19B205289EC00562FB6 /* Assets.xcassets */ = {isa = PBXFileReference; lastKnownFileType = folder.assetcatalog; path = Assets.xcassets; sourceTree = "<group>"; };
		16D2D19E205289EC00562FB6 /* Base */ = {isa = PBXFileReference; lastKnownFileType = file.storyboard; name = Base; path = Base.lproj/LaunchScreen.storyboard; sourceTree = "<group>"; };
		16D2D1A0205289EC00562FB6 /* Info.plist */ = {isa = PBXFileReference; lastKnownFileType = text.plist.xml; path = Info.plist; sourceTree = "<group>"; };
		16D2D1A620528A5800562FB6 /* GlobalView.xib */ = {isa = PBXFileReference; lastKnownFileType = file.xib; path = GlobalView.xib; sourceTree = "<group>"; };
		16D2D1AA20528D6000562FB6 /* GlobalView.swift */ = {isa = PBXFileReference; lastKnownFileType = sourcecode.swift; path = GlobalView.swift; sourceTree = "<group>"; };
		16D2D1AE20529FDF00562FB6 /* GlobalStretchedViewController.swift */ = {isa = PBXFileReference; lastKnownFileType = sourcecode.swift; path = GlobalStretchedViewController.swift; sourceTree = "<group>"; };
/* End PBXFileReference section */

/* Begin PBXFrameworksBuildPhase section */
		16D2D18E205289EC00562FB6 /* Frameworks */ = {
			isa = PBXFrameworksBuildPhase;
			buildActionMask = 2147483647;
			files = (
			);
			runOnlyForDeploymentPostprocessing = 0;
		};
/* End PBXFrameworksBuildPhase section */

/* Begin PBXGroup section */
		16D2D188205289EC00562FB6 = {
			isa = PBXGroup;
			children = (
				16D2D193205289EC00562FB6 /* GlobalAttachedVC */,
				16D2D192205289EC00562FB6 /* Products */,
			);
			sourceTree = "<group>";
		};
		16D2D192205289EC00562FB6 /* Products */ = {
			isa = PBXGroup;
			children = (
				16D2D191205289EC00562FB6 /* GlobalAttachedVC.app */,
			);
			name = Products;
			sourceTree = "<group>";
		};
		16D2D193205289EC00562FB6 /* GlobalAttachedVC */ = {
			isa = PBXGroup;
			children = (
				16D2D194205289EC00562FB6 /* AppDelegate.swift */,
				16D2D196205289EC00562FB6 /* ViewController.swift */,
				16D2D198205289EC00562FB6 /* Main.storyboard */,
				16D2D19B205289EC00562FB6 /* Assets.xcassets */,
				16D2D19D205289EC00562FB6 /* LaunchScreen.storyboard */,
				16D2D1A0205289EC00562FB6 /* Info.plist */,
				16D2D1A620528A5800562FB6 /* GlobalView.xib */,
				16D2D1AA20528D6000562FB6 /* GlobalView.swift */,
				16D2D1AE20529FDF00562FB6 /* GlobalStretchedViewController.swift */,
			);
			path = GlobalAttachedVC;
			sourceTree = "<group>";
		};
/* End PBXGroup section */

/* Begin PBXNativeTarget section */
		16D2D190205289EC00562FB6 /* GlobalAttachedVC */ = {
			isa = PBXNativeTarget;
			buildConfigurationList = 16D2D1A3205289EC00562FB6 /* Build configuration list for PBXNativeTarget "GlobalAttachedVC" */;
			buildPhases = (
				16D2D18D205289EC00562FB6 /* Sources */,
				16D2D18E205289EC00562FB6 /* Frameworks */,
				16D2D18F205289EC00562FB6 /* Resources */,
			);
			buildRules = (
			);
			dependencies = (
			);
			name = GlobalAttachedVC;
			productName = GlobalAttachedVC;
			productReference = 16D2D191205289EC00562FB6 /* GlobalAttachedVC.app */;
			productType = "com.apple.product-type.application";
		};
/* End PBXNativeTarget section */

/* Begin PBXProject section */
		16D2D189205289EC00562FB6 /* Project object */ = {
			isa = PBXProject;
			attributes = {
				LastSwiftUpdateCheck = 0920;
				LastUpgradeCheck = 0920;
				ORGANIZATIONNAME = Abcplusd;
				TargetAttributes = {
					16D2D190205289EC00562FB6 = {
						CreatedOnToolsVersion = 9.2;
						ProvisioningStyle = Automatic;
					};
				};
			};
			buildConfigurationList = 16D2D18C205289EC00562FB6 /* Build configuration list for PBXProject "GlobalAttachedVC" */;
			compatibilityVersion = "Xcode 8.0";
			developmentRegion = en;
			hasScannedForEncodings = 0;
			knownRegions = (
				en,
				Base,
			);
			mainGroup = 16D2D188205289EC00562FB6;
			productRefGroup = 16D2D192205289EC00562FB6 /* Products */;
			projectDirPath = "";
			projectRoot = "";
			targets = (
				16D2D190205289EC00562FB6 /* GlobalAttachedVC */,
			);
		};
/* End PBXProject section */

/* Begin PBXResourcesBuildPhase section */
		16D2D18F205289EC00562FB6 /* Resources */ = {
			isa = PBXResourcesBuildPhase;
			buildActionMask = 2147483647;
			files = (
				16D2D19F205289EC00562FB6 /* LaunchScreen.storyboard in Resources */,
				16D2D19C205289EC00562FB6 /* Assets.xcassets in Resources */,
				16D2D19A205289EC00562FB6 /* Main.storyboard in Resources */,
				16D2D1A720528A5800562FB6 /* GlobalView.xib in Resources */,
			);
			runOnlyForDeploymentPostprocessing = 0;
		};
/* End PBXResourcesBuildPhase section */

/* Begin PBXSourcesBuildPhase section */
		16D2D18D205289EC00562FB6 /* Sources */ = {
			isa = PBXSourcesBuildPhase;
			buildActionMask = 2147483647;
			files = (
				16D2D1AF20529FDF00562FB6 /* GlobalStretchedViewController.swift in Sources */,
				16D2D1AB20528D6000562FB6 /* GlobalView.swift in Sources */,
				16D2D197205289EC00562FB6 /* ViewController.swift in Sources */,
				16D2D195205289EC00562FB6 /* AppDelegate.swift in Sources */,
			);
			runOnlyForDeploymentPostprocessing = 0;
		};
/* End PBXSourcesBuildPhase section */

/* Begin PBXVariantGroup section */
		16D2D198205289EC00562FB6 /* Main.storyboard */ = {
			isa = PBXVariantGroup;
			children = (
				16D2D199205289EC00562FB6 /* Base */,
			);
			name = Main.storyboard;
			sourceTree = "<group>";
		};
		16D2D19D205289EC00562FB6 /* LaunchScreen.storyboard */ = {
			isa = PBXVariantGroup;
			children = (
				16D2D19E205289EC00562FB6 /* Base */,
			);
			name = LaunchScreen.storyboard;
			sourceTree = "<group>";
		};
/* End PBXVariantGroup section */

/* Begin XCBuildConfiguration section */
		16D2D1A1205289EC00562FB6 /* Debug */ = {
			isa = XCBuildConfiguration;
			buildSettings = {
				ALWAYS_SEARCH_USER_PATHS = NO;
				CLANG_ANALYZER_NONNULL = YES;
				CLANG_ANALYZER_NUMBER_OBJECT_CONVERSION = YES_AGGRESSIVE;
				CLANG_CXX_LANGUAGE_STANDARD = "gnu++14";
				CLANG_CXX_LIBRARY = "libc++";
				CLANG_ENABLE_MODULES = YES;
				CLANG_ENABLE_OBJC_ARC = YES;
				CLANG_WARN_BLOCK_CAPTURE_AUTORELEASING = YES;
				CLANG_WARN_BOOL_CONVERSION = YES;
				CLANG_WARN_COMMA = YES;
				CLANG_WARN_CONSTANT_CONVERSION = YES;
				CLANG_WARN_DIRECT_OBJC_ISA_USAGE = YES_ERROR;
				CLANG_WARN_DOCUMENTATION_COMMENTS = YES;
				CLANG_WARN_EMPTY_BODY = YES;
				CLANG_WARN_ENUM_CONVERSION = YES;
				CLANG_WARN_INFINITE_RECURSION = YES;
				CLANG_WARN_INT_CONVERSION = YES;
				CLANG_WARN_NON_LITERAL_NULL_CONVERSION = YES;
				CLANG_WARN_OBJC_LITERAL_CONVERSION = YES;
				CLANG_WARN_OBJC_ROOT_CLASS = YES_ERROR;
				CLANG_WARN_RANGE_LOOP_ANALYSIS = YES;
				CLANG_WARN_STRICT_PROTOTYPES = YES;
				CLANG_WARN_SUSPICIOUS_MOVE = YES;
				CLANG_WARN_UNGUARDED_AVAILABILITY = YES_AGGRESSIVE;
				CLANG_WARN_UNREACHABLE_CODE = YES;
				CLANG_WARN__DUPLICATE_METHOD_MATCH = YES;
				CODE_SIGN_IDENTITY = "iPhone Developer";
				COPY_PHASE_STRIP = NO;
				DEBUG_INFORMATION_FORMAT = dwarf;
				ENABLE_STRICT_OBJC_MSGSEND = YES;
				ENABLE_TESTABILITY = YES;
				GCC_C_LANGUAGE_STANDARD = gnu11;
				GCC_DYNAMIC_NO_PIC = NO;
				GCC_NO_COMMON_BLOCKS = YES;
				GCC_OPTIMIZATION_LEVEL = 0;
				GCC_PREPROCESSOR_DEFINITIONS = (
					"DEBUG=1",
					"$(inherited)",
				);
				GCC_WARN_64_TO_32_BIT_CONVERSION = YES;
				GCC_WARN_ABOUT_RETURN_TYPE = YES_ERROR;
				GCC_WARN_UNDECLARED_SELECTOR = YES;
				GCC_WARN_UNINITIALIZED_AUTOS = YES_AGGRESSIVE;
				GCC_WARN_UNUSED_FUNCTION = YES;
				GCC_WARN_UNUSED_VARIABLE = YES;
				IPHONEOS_DEPLOYMENT_TARGET = 11.2;
				MTL_ENABLE_DEBUG_INFO = YES;
				ONLY_ACTIVE_ARCH = YES;
				SDKROOT = iphoneos;
				SWIFT_ACTIVE_COMPILATION_CONDITIONS = DEBUG;
				SWIFT_OPTIMIZATION_LEVEL = "-Onone";
			};
			name = Debug;
		};
		16D2D1A2205289EC00562FB6 /* Release */ = {
			isa = XCBuildConfiguration;
			buildSettings = {
				ALWAYS_SEARCH_USER_PATHS = NO;
				CLANG_ANALYZER_NONNULL = YES;
				CLANG_ANALYZER_NUMBER_OBJECT_CONVERSION = YES_AGGRESSIVE;
				CLANG_CXX_LANGUAGE_STANDARD = "gnu++14";
				CLANG_CXX_LIBRARY = "libc++";
				CLANG_ENABLE_MODULES = YES;
				CLANG_ENABLE_OBJC_ARC = YES;
				CLANG_WARN_BLOCK_CAPTURE_AUTORELEASING = YES;
				CLANG_WARN_BOOL_CONVERSION = YES;
				CLANG_WARN_COMMA = YES;
				CLANG_WARN_CONSTANT_CONVERSION = YES;
				CLANG_WARN_DIRECT_OBJC_ISA_USAGE = YES_ERROR;
				CLANG_WARN_DOCUMENTATION_COMMENTS = YES;
				CLANG_WARN_EMPTY_BODY = YES;
				CLANG_WARN_ENUM_CONVERSION = YES;
				CLANG_WARN_INFINITE_RECURSION = YES;
				CLANG_WARN_INT_CONVERSION = YES;
				CLANG_WARN_NON_LITERAL_NULL_CONVERSION = YES;
				CLANG_WARN_OBJC_LITERAL_CONVERSION = YES;
				CLANG_WARN_OBJC_ROOT_CLASS = YES_ERROR;
				CLANG_WARN_RANGE_LOOP_ANALYSIS = YES;
				CLANG_WARN_STRICT_PROTOTYPES = YES;
				CLANG_WARN_SUSPICIOUS_MOVE = YES;
				CLANG_WARN_UNGUARDED_AVAILABILITY = YES_AGGRESSIVE;
				CLANG_WARN_UNREACHABLE_CODE = YES;
				CLANG_WARN__DUPLICATE_METHOD_MATCH = YES;
				CODE_SIGN_IDENTITY = "iPhone Developer";
				COPY_PHASE_STRIP = NO;
				DEBUG_INFORMATION_FORMAT = "dwarf-with-dsym";
				ENABLE_NS_ASSERTIONS = NO;
				ENABLE_STRICT_OBJC_MSGSEND = YES;
				GCC_C_LANGUAGE_STANDARD = gnu11;
				GCC_NO_COMMON_BLOCKS = YES;
				GCC_WARN_64_TO_32_BIT_CONVERSION = YES;
				GCC_WARN_ABOUT_RETURN_TYPE = YES_ERROR;
				GCC_WARN_UNDECLARED_SELECTOR = YES;
				GCC_WARN_UNINITIALIZED_AUTOS = YES_AGGRESSIVE;
				GCC_WARN_UNUSED_FUNCTION = YES;
				GCC_WARN_UNUSED_VARIABLE = YES;
				IPHONEOS_DEPLOYMENT_TARGET = 11.2;
				MTL_ENABLE_DEBUG_INFO = NO;
				SDKROOT = iphoneos;
				SWIFT_OPTIMIZATION_LEVEL = "-Owholemodule";
				VALIDATE_PRODUCT = YES;
			};
			name = Release;
		};
		16D2D1A4205289EC00562FB6 /* Debug */ = {
			isa = XCBuildConfiguration;
			buildSettings = {
				ASSETCATALOG_COMPILER_APPICON_NAME = AppIcon;
				CODE_SIGN_STYLE = Automatic;
				DEVELOPMENT_TEAM = M5QRGVFFMC;
				INFOPLIST_FILE = GlobalAttachedVC/Info.plist;
				IPHONEOS_DEPLOYMENT_TARGET = 10.0;
				LD_RUNPATH_SEARCH_PATHS = "$(inherited) @executable_path/Frameworks";
				PRODUCT_BUNDLE_IDENTIFIER = abcplusd.GlobalAttachedVC;
				PRODUCT_NAME = "$(TARGET_NAME)";
				SWIFT_VERSION = 4.0;
				TARGETED_DEVICE_FAMILY = "1,2";
			};
			name = Debug;
		};
		16D2D1A5205289EC00562FB6 /* Release */ = {
			isa = XCBuildConfiguration;
			buildSettings = {
				ASSETCATALOG_COMPILER_APPICON_NAME = AppIcon;
				CODE_SIGN_STYLE = Automatic;
				DEVELOPMENT_TEAM = M5QRGVFFMC;
				INFOPLIST_FILE = GlobalAttachedVC/Info.plist;
				IPHONEOS_DEPLOYMENT_TARGET = 10.0;
				LD_RUNPATH_SEARCH_PATHS = "$(inherited) @executable_path/Frameworks";
				PRODUCT_BUNDLE_IDENTIFIER = abcplusd.GlobalAttachedVC;
				PRODUCT_NAME = "$(TARGET_NAME)";
				SWIFT_VERSION = 4.0;
				TARGETED_DEVICE_FAMILY = "1,2";
			};
			name = Release;
		};
/* End XCBuildConfiguration section */

/* Begin XCConfigurationList section */
		16D2D18C205289EC00562FB6 /* Build configuration list for PBXProject "GlobalAttachedVC" */ = {
			isa = XCConfigurationList;
			buildConfigurations = (
				16D2D1A1205289EC00562FB6 /* Debug */,
				16D2D1A2205289EC00562FB6 /* Release */,
			);
			defaultConfigurationIsVisible = 0;
			defaultConfigurationName = Release;
		};
		16D2D1A3205289EC00562FB6 /* Build configuration list for PBXNativeTarget "GlobalAttachedVC" */ = {
			isa = XCConfigurationList;
			buildConfigurations = (
				16D2D1A4205289EC00562FB6 /* Debug */,
				16D2D1A5205289EC00562FB6 /* Release */,
			);
			defaultConfigurationIsVisible = 0;
			defaultConfigurationName = Release;
		};
/* End XCConfigurationList section */
	};
	rootObject = 16D2D189205289EC00562FB6 /* Project object */;
}
